{
  "name": "react-unity-webgl",
  "version": "8.8.0",
  "lockfileVersion": 1,
  "requires": true,
  "dependencies": {
    "@types/prop-types": {
      "version": "15.7.5",
      "resolved": "https://registry.npmjs.org/@types/prop-types/-/prop-types-15.7.5.tgz",
      "integrity": "sha512-JCB8C6SnDoQf0cNycqd/35A7MjcnK+ZTqE7judS6o7utxUCg6imJg3QK2qzHKszlTjcj2cn+NwMB2i96ubpj7w==",
      "dev": true
    },
    "@types/react": {
      "version": "18.0.4",
      "resolved": "https://registry.npmjs.org/@types/react/-/react-18.0.4.tgz",
      "integrity": "sha512-Zm4ryWh9xQbMX6ge7Ej/nS6VBoT+9wzvwd/hZ+9EONGjBkejyyvEKndZt/DZHHj1lSU/YeTPyJAn22S3GnYchQ==",
      "dev": true,
      "requires": {
        "@types/prop-types": "*",
        "@types/scheduler": "*",
        "csstype": "^3.0.2"
      }
    },
    "@types/scheduler": {
      "version": "0.16.2",
      "resolved": "https://registry.npmjs.org/@types/scheduler/-/scheduler-0.16.2.tgz",
      "integrity": "sha512-hppQEBDmlwhFAXKJX2KnWLYu5yMfi91yazPb2l+lbJiwW+wdo1gNeRA+3RgNSO39WYX2euey41KEwnqesU2Jew==",
      "dev": true
    },
    "csstype": {
      "version": "3.0.11",
      "resolved": "https://registry.npmjs.org/csstype/-/csstype-3.0.11.tgz",
      "integrity": "sha512-sa6P2wJ+CAbgyy4KFssIb/JNMLxFvKF1pCYCSXS8ZMuqZnMsrxqI2E5sPyoTpxoPU/gVZMzr2zjOfg8GIZOMsw==",
      "dev": true
    },
    "typescript": {
      "version": "4.5.4",
      "resolved": "https://registry.npmjs.org/typescript/-/typescript-4.5.4.tgz",
      "integrity": "sha512-VgYs2A2QIRuGphtzFV7aQJduJ2gyfTljngLzjpfW9FoYZF6xuw1W0vW9ghCKLfcWrCFxK81CSGRAvS1pn4fIUg==",
      "dev": true
    }
  }
}
